
Microsoft Visual Studio Solution File, Format Version 12.00
# Visual Studio Version 17
VisualStudioVersion = 17.5.002.0
MinimumVisualStudioVersion = 10.0.40219.1
Project("{9A19103F-16F7-4668-BE54-9A1E7A4F7556}") = "FastEndPoints_Demo", "FastEndPoints_Demo.csproj", "{A78B40EF-1CC1-431B-9C03-C7FEF98E30E9}"
EndProject
Global
	GlobalSection(SolutionConfigurationPlatforms) = preSolution
		Debug|Any CPU = Debug|Any CPU
		Release|Any CPU = Release|Any CPU
	EndGlobalSection
	GlobalSection(ProjectConfigurationPlatforms) = postSolution
		{A78B40EF-1CC1-431B-9C03-C7FEF98E30E9}.Debug|Any CPU.ActiveCfg = Debug|Any CPU
		{A78B40EF-1CC1-431B-9C03-C7FEF98E30E9}.Debug|Any CPU.Build.0 = Debug|Any CPU
		{A78B40EF-1CC1-431B-9C03-C7FEF98E30E9}.Release|Any CPU.ActiveCfg = Release|Any CPU
		{A78B40EF-1CC1-431B-9C03-C7FEF98E30E9}.Release|Any CPU.Build.0 = Release|Any CPU
	EndGlobalSection
	GlobalSection(SolutionProperties) = preSolution
		HideSolutionNode = FALSE
	EndGlobalSection
	GlobalSection(ExtensibilityGlobals) = postSolution
		SolutionGuid = {47BAAC64-28B9-4E4D-9E70-E8F08BB7CE01}
	EndGlobalSection
EndGlobal
